
Microsoft Visual Studio Solution File, Format Version 12.00
# Visual Studio Version 16
VisualStudioVersion = 16.0.31112.23
MinimumVisualStudioVersion = 10.0.40219.1
Project("{9A19103F-16F7-4668-BE54-9A1E7A4F7556}") = "DelegateAndEvent", "DelegateAndEvent\DelegateAndEvent.csproj", "{4FE61280-4E81-4251-99B8-F8487DFE556B}"
EndProject
Global
	GlobalSection(SolutionConfigurationPlatforms) = preSolution
		Debug|Any CPU = Debug|Any CPU
		Release|Any CPU = Release|Any CPU
	EndGlobalSection
	GlobalSection(ProjectConfigurationPlatforms) = postSolution
		{4FE61280-4E81-4251-99B8-F8487DFE556B}.Debug|Any CPU.ActiveCfg = Debug|Any CPU
		{4FE61280-4E81-4251-99B8-F8487DFE556B}.Debug|Any CPU.Build.0 = Debug|Any CPU
		{4FE61280-4E81-4251-99B8-F8487DFE556B}.Release|Any CPU.ActiveCfg = Release|Any CPU
		{4FE61280-4E81-4251-99B8-F8487DFE556B}.Release|Any CPU.Build.0 = Release|Any CPU
	EndGlobalSection
	GlobalSection(SolutionProperties) = preSolution
		HideSolutionNode = FALSE
	EndGlobalSection
	GlobalSection(ExtensibilityGlobals) = postSolution
		SolutionGuid = {ACB56378-387B-4D60-A3CC-91574E9EDD97}
	EndGlobalSection
EndGlobal
